
Microsoft Visual Studio Solution File, Format Version 12.00
# Visual Studio Version 16
VisualStudioVersion = 16.0.31025.194
MinimumVisualStudioVersion = 10.0.40219.1
Project("{FAE04EC0-301F-11D3-BF4B-00C04F79EFBC}") = "AirlineProj", "AirlineProj\AirlineProj.csproj", "{2B058DF6-9AE3-4E30-A776-9590E1CC26E5}"
EndProject
Project("{FAE04EC0-301F-11D3-BF4B-00C04F79EFBC}") = "AirlineProj.Tests", "AirlineProj.Tests\AirlineProj.Tests.csproj", "{8250367F-091E-425D-8EA1-DAECD7EA0C88}"
EndProject
Project("{2150E333-8FDC-42A3-9474-1A3956D46DE8}") = "src", "src", "{2CE26C9D-C473-4E71-91B8-44B8BC8E434E}"
EndProject
Project("{2150E333-8FDC-42A3-9474-1A3956D46DE8}") = "tests", "tests", "{9DF42BD3-9734-48E4-B5DF-32039E9802E1}"
EndProject
Project("{FAE04EC0-301F-11D3-BF4B-00C04F79EFBC}") = "Airline.Domain", "Airline.Domain\Airline.Domain.csproj", "{3CCFA195-066D-485A-BBA8-78331BF33AF1}"
EndProject
Project("{FAE04EC0-301F-11D3-BF4B-00C04F79EFBC}") = "Airline.DAL", "Airline.DAL\Airline.DAL.csproj", "{95E45FAB-7966-4DDD-9E3C-B18CD26A959D}"
EndProject
Project("{FAE04EC0-301F-11D3-BF4B-00C04F79EFBC}") = "Airline.BLL", "Airline.BLL\Airline.BLL.csproj", "{7E77CF06-67A2-4422-B6A1-1A6ED76FA78D}"
EndProject
Global
	GlobalSection(SolutionConfigurationPlatforms) = preSolution
		Debug|Any CPU = Debug|Any CPU
		Release|Any CPU = Release|Any CPU
	EndGlobalSection
	GlobalSection(ProjectConfigurationPlatforms) = postSolution
		{2B058DF6-9AE3-4E30-A776-9590E1CC26E5}.Debug|Any CPU.ActiveCfg = Debug|Any CPU
		{2B058DF6-9AE3-4E30-A776-9590E1CC26E5}.Debug|Any CPU.Build.0 = Debug|Any CPU
		{2B058DF6-9AE3-4E30-A776-9590E1CC26E5}.Release|Any CPU.ActiveCfg = Release|Any CPU
		{2B058DF6-9AE3-4E30-A776-9590E1CC26E5}.Release|Any CPU.Build.0 = Release|Any CPU
		{8250367F-091E-425D-8EA1-DAECD7EA0C88}.Debug|Any CPU.ActiveCfg = Debug|Any CPU
		{8250367F-091E-425D-8EA1-DAECD7EA0C88}.Debug|Any CPU.Build.0 = Debug|Any CPU
		{8250367F-091E-425D-8EA1-DAECD7EA0C88}.Release|Any CPU.ActiveCfg = Release|Any CPU
		{8250367F-091E-425D-8EA1-DAECD7EA0C88}.Release|Any CPU.Build.0 = Release|Any CPU
		{3CCFA195-066D-485A-BBA8-78331BF33AF1}.Debug|Any CPU.ActiveCfg = Debug|Any CPU
		{3CCFA195-066D-485A-BBA8-78331BF33AF1}.Debug|Any CPU.Build.0 = Debug|Any CPU
		{3CCFA195-066D-485A-BBA8-78331BF33AF1}.Release|Any CPU.ActiveCfg = Release|Any CPU
		{3CCFA195-066D-485A-BBA8-78331BF33AF1}.Release|Any CPU.Build.0 = Release|Any CPU
		{95E45FAB-7966-4DDD-9E3C-B18CD26A959D}.Debug|Any CPU.ActiveCfg = Debug|Any CPU
		{95E45FAB-7966-4DDD-9E3C-B18CD26A959D}.Debug|Any CPU.Build.0 = Debug|Any CPU
		{95E45FAB-7966-4DDD-9E3C-B18CD26A959D}.Release|Any CPU.ActiveCfg = Release|Any CPU
		{95E45FAB-7966-4DDD-9E3C-B18CD26A959D}.Release|Any CPU.Build.0 = Release|Any CPU
		{7E77CF06-67A2-4422-B6A1-1A6ED76FA78D}.Debug|Any CPU.ActiveCfg = Debug|Any CPU
		{7E77CF06-67A2-4422-B6A1-1A6ED76FA78D}.Debug|Any CPU.Build.0 = Debug|Any CPU
		{7E77CF06-67A2-4422-B6A1-1A6ED76FA78D}.Release|Any CPU.ActiveCfg = Release|Any CPU
		{7E77CF06-67A2-4422-B6A1-1A6ED76FA78D}.Release|Any CPU.Build.0 = Release|Any CPU
	EndGlobalSection
	GlobalSection(SolutionProperties) = preSolution
		HideSolutionNode = FALSE
	EndGlobalSection
	GlobalSection(NestedProjects) = preSolution
		{2B058DF6-9AE3-4E30-A776-9590E1CC26E5} = {2CE26C9D-C473-4E71-91B8-44B8BC8E434E}
		{8250367F-091E-425D-8EA1-DAECD7EA0C88} = {9DF42BD3-9734-48E4-B5DF-32039E9802E1}
		{3CCFA195-066D-485A-BBA8-78331BF33AF1} = {2CE26C9D-C473-4E71-91B8-44B8BC8E434E}
		{95E45FAB-7966-4DDD-9E3C-B18CD26A959D} = {2CE26C9D-C473-4E71-91B8-44B8BC8E434E}
		{7E77CF06-67A2-4422-B6A1-1A6ED76FA78D} = {2CE26C9D-C473-4E71-91B8-44B8BC8E434E}
	EndGlobalSection
	GlobalSection(ExtensibilityGlobals) = postSolution
		SolutionGuid = {886091EA-3B05-4D8B-A345-FD21E542DC9E}
	EndGlobalSection
EndGlobal
